
Microsoft Visual Studio Solution File, Format Version 12.00
# Visual Studio 14
VisualStudioVersion = 14.0.25420.1
MinimumVisualStudioVersion = 10.0.40219.1
Project("{FAE04EC0-301F-11D3-BF4B-00C04F79EFBC}") = "TrabalhoPortal", "TrabalhoPortal\TrabalhoPortal.csproj", "{1FF47949-8A94-45DF-9C17-F776D36D36FC}"
EndProject
Global
	GlobalSection(SolutionConfigurationPlatforms) = preSolution
		Debug|Any CPU = Debug|Any CPU
		Release|Any CPU = Release|Any CPU
	EndGlobalSection
	GlobalSection(ProjectConfigurationPlatforms) = postSolution
		{1FF47949-8A94-45DF-9C17-F776D36D36FC}.Debug|Any CPU.ActiveCfg = Debug|Any CPU
		{1FF47949-8A94-45DF-9C17-F776D36D36FC}.Debug|Any CPU.Build.0 = Debug|Any CPU
		{1FF47949-8A94-45DF-9C17-F776D36D36FC}.Release|Any CPU.ActiveCfg = Release|Any CPU
		{1FF47949-8A94-45DF-9C17-F776D36D36FC}.Release|Any CPU.Build.0 = Release|Any CPU
	EndGlobalSection
	GlobalSection(SolutionProperties) = preSolution
		HideSolutionNode = FALSE
	EndGlobalSection
	GlobalSection(ExtensibilityGlobals) = postSolution
		SolutionGuid = {2600D4A2-852A-4117-A97B-85DB5065E69B}
	EndGlobalSection
	GlobalSection(TeamFoundationVersionControl) = preSolution
		SccNumberOfProjects = 2
		SccEnterpriseProvider = {4CA58AB2-18FA-4F8D-95D4-32DDF27D184C}
		SccTeamFoundationServer = https://williamribeiromartins.visualstudio.com/
		SccLocalPath0 = .
		SccProjectUniqueName1 = TrabalhoPortal\\TrabalhoPortal.csproj
		SccProjectName1 = TrabalhoPortal
		SccLocalPath1 = TrabalhoPortal
	EndGlobalSection
EndGlobal
